
Microsoft Visual Studio Solution File, Format Version 12.00
# Visual Studio 15
VisualStudioVersion = 15.0.26430.14
MinimumVisualStudioVersion = 10.0.40219.1
Project("{8BC9CEB8-8B4A-11D0-8D11-00A0C91BC942}") = "Engine", "Engine\Engine.vcxproj", "{87BFEF26-A4C6-417A-AD65-568F0DE10AA7}"
EndProject
Project("{2150E333-8FDC-42A3-9474-1A3956D46DE8}") = "Tests", "Tests", "{30029F7E-F09C-40F9-AEF3-1631925EFCC5}"
EndProject
Project("{8BC9CEB8-8B4A-11D0-8D11-00A0C91BC942}") = "Cube", "Tests\Cube\Cube.vcxproj", "{FB1394E0-9114-4A2B-A5DC-6D5420A2C344}"
	ProjectSection(ProjectDependencies) = postProject
		{87BFEF26-A4C6-417A-AD65-568F0DE10AA7} = {87BFEF26-A4C6-417A-AD65-568F0DE10AA7}
	EndProjectSection
EndProject
Project("{8BC9CEB8-8B4A-11D0-8D11-00A0C91BC942}") = "Sphere", "Tests\Sphere\Sphere.vcxproj", "{054D16AB-E920-454D-8F3B-D31B61177679}"
	ProjectSection(ProjectDependencies) = postProject
		{87BFEF26-A4C6-417A-AD65-568F0DE10AA7} = {87BFEF26-A4C6-417A-AD65-568F0DE10AA7}
	EndProjectSection
EndProject
Global
	GlobalSection(SolutionConfigurationPlatforms) = preSolution
		Debug|x64 = Debug|x64
		Debug|x86 = Debug|x86
		Release|x64 = Release|x64
		Release|x86 = Release|x86
	EndGlobalSection
	GlobalSection(ProjectConfigurationPlatforms) = postSolution
		{87BFEF26-A4C6-417A-AD65-568F0DE10AA7}.Debug|x64.ActiveCfg = Debug|x64
		{87BFEF26-A4C6-417A-AD65-568F0DE10AA7}.Debug|x64.Build.0 = Debug|x64
		{87BFEF26-A4C6-417A-AD65-568F0DE10AA7}.Debug|x86.ActiveCfg = Debug|Win32
		{87BFEF26-A4C6-417A-AD65-568F0DE10AA7}.Debug|x86.Build.0 = Debug|Win32
		{87BFEF26-A4C6-417A-AD65-568F0DE10AA7}.Release|x64.ActiveCfg = Release|x64
		{87BFEF26-A4C6-417A-AD65-568F0DE10AA7}.Release|x64.Build.0 = Release|x64
		{87BFEF26-A4C6-417A-AD65-568F0DE10AA7}.Release|x86.ActiveCfg = Release|Win32
		{87BFEF26-A4C6-417A-AD65-568F0DE10AA7}.Release|x86.Build.0 = Release|Win32
		{FB1394E0-9114-4A2B-A5DC-6D5420A2C344}.Debug|x64.ActiveCfg = Debug|x64
		{FB1394E0-9114-4A2B-A5DC-6D5420A2C344}.Debug|x64.Build.0 = Debug|x64
		{FB1394E0-9114-4A2B-A5DC-6D5420A2C344}.Debug|x86.ActiveCfg = Debug|Win32
		{FB1394E0-9114-4A2B-A5DC-6D5420A2C344}.Debug|x86.Build.0 = Debug|Win32
		{FB1394E0-9114-4A2B-A5DC-6D5420A2C344}.Release|x64.ActiveCfg = Release|x64
		{FB1394E0-9114-4A2B-A5DC-6D5420A2C344}.Release|x64.Build.0 = Release|x64
		{FB1394E0-9114-4A2B-A5DC-6D5420A2C344}.Release|x86.ActiveCfg = Release|Win32
		{FB1394E0-9114-4A2B-A5DC-6D5420A2C344}.Release|x86.Build.0 = Release|Win32
		{054D16AB-E920-454D-8F3B-D31B61177679}.Debug|x64.ActiveCfg = Debug|x64
		{054D16AB-E920-454D-8F3B-D31B61177679}.Debug|x64.Build.0 = Debug|x64
		{054D16AB-E920-454D-8F3B-D31B61177679}.Debug|x86.ActiveCfg = Debug|Win32
		{054D16AB-E920-454D-8F3B-D31B61177679}.Debug|x86.Build.0 = Debug|Win32
		{054D16AB-E920-454D-8F3B-D31B61177679}.Release|x64.ActiveCfg = Release|x64
		{054D16AB-E920-454D-8F3B-D31B61177679}.Release|x64.Build.0 = Release|x64
		{054D16AB-E920-454D-8F3B-D31B61177679}.Release|x86.ActiveCfg = Release|Win32
		{054D16AB-E920-454D-8F3B-D31B61177679}.Release|x86.Build.0 = Release|Win32
	EndGlobalSection
	GlobalSection(SolutionProperties) = preSolution
		HideSolutionNode = FALSE
	EndGlobalSection
	GlobalSection(NestedProjects) = preSolution
		{FB1394E0-9114-4A2B-A5DC-6D5420A2C344} = {30029F7E-F09C-40F9-AEF3-1631925EFCC5}
		{054D16AB-E920-454D-8F3B-D31B61177679} = {30029F7E-F09C-40F9-AEF3-1631925EFCC5}
	EndGlobalSection
EndGlobal
