<?xml version="1.0" encoding="utf-8"?>
<Project ToolsVersion="4.0" xmlns="http://schemas.microsoft.com/developer/msbuild/2003">
  <ItemGroup>
    <ClCompile Include="Source\main.cpp" />
    <ClCompile Include="Source\Core\shader_loader.cpp">
      <Filter>Core</Filter>
    </ClCompile>
    <ClCompile Include="Source\Core\models.cpp">
      <Filter>Core</Filter>
    </ClCompile>
  </ItemGroup>
  <ItemGroup>
    <Filter Include="Core">
      <UniqueIdentifier>{6dddc4c3-9d38-462e-b7da-95bad163a352}</UniqueIdentifier>
    </Filter>
    <Filter Include="Shaders">
      <UniqueIdentifier>{061c27af-8516-4895-9b93-c858c29197bc}</UniqueIdentifier>
    </Filter>
  </ItemGroup>
  <ItemGroup>
    <ClInclude Include="Source\Core\shader_loader.h">
      <Filter>Core</Filter>
    </ClInclude>
    <ClInclude Include="Source\Core\vertex_format.h">
      <Filter>Core</Filter>
    </ClInclude>
    <ClInclude Include="Source\Core\models.h">
      <Filter>Core</Filter>
    </ClInclude>
  </ItemGroup>
  <ItemGroup>
    <None Include="Source\Shaders\vertex_shader.glsl">
      <Filter>Shaders</Filter>
    </None>
    <None Include="Source\Shaders\fragment_shader.glsl">
      <Filter>Shaders</Filter>
    </None>
  </ItemGroup>
</Project>