<?xml version="1.0" encoding="utf-8"?>
<Project ToolsVersion="4.0" xmlns="http://schemas.microsoft.com/developer/msbuild/2003">
  <ItemGroup>
    <ClCompile Include="Source\main.cpp" />
    <ClCompile Include="Source\Core\models.cpp">
      <Filter>Core</Filter>
    </ClCompile>
    <ClCompile Include="Source\Managers\shader_manager.cpp">
      <Filter>Managers</Filter>
    </ClCompile>
    <ClCompile Include="Source\Core\Init\init_glew.cpp">
      <Filter>Core\Init</Filter>
    </ClCompile>
    <ClCompile Include="Source\Core\Init\init_glut.cpp">
      <Filter>Core\Init</Filter>
    </ClCompile>
  </ItemGroup>
  <ItemGroup>
    <Filter Include="Core">
      <UniqueIdentifier>{6dddc4c3-9d38-462e-b7da-95bad163a352}</UniqueIdentifier>
    </Filter>
    <Filter Include="Shaders">
      <UniqueIdentifier>{061c27af-8516-4895-9b93-c858c29197bc}</UniqueIdentifier>
    </Filter>
    <Filter Include="Managers">
      <UniqueIdentifier>{e1fd3b82-6813-4ddc-a61a-cece4af3caed}</UniqueIdentifier>
    </Filter>
    <Filter Include="Core\Init">
      <UniqueIdentifier>{3fe0dacf-375f-4366-b353-d142c90fa07a}</UniqueIdentifier>
    </Filter>
  </ItemGroup>
  <ItemGroup>
    <ClInclude Include="Source\Core\vertex_format.h">
      <Filter>Core</Filter>
    </ClInclude>
    <ClInclude Include="Source\Core\models.h">
      <Filter>Core</Filter>
    </ClInclude>
    <ClInclude Include="Source\Managers\shader_manager.h">
      <Filter>Managers</Filter>
    </ClInclude>
    <ClInclude Include="Source\Core\Init\window_info.h">
      <Filter>Core\Init</Filter>
    </ClInclude>
    <ClInclude Include="Source\Core\Init\context_info.h">
      <Filter>Core\Init</Filter>
    </ClInclude>
    <ClInclude Include="Source\Core\Init\framebuffer_info.h">
      <Filter>Core\Init</Filter>
    </ClInclude>
    <ClInclude Include="Source\Core\Init\init_glew.h">
      <Filter>Core\Init</Filter>
    </ClInclude>
    <ClInclude Include="Source\Core\Init\init_glut.h">
      <Filter>Core\Init</Filter>
    </ClInclude>
  </ItemGroup>
  <ItemGroup>
    <None Include="Source\Shaders\vertex_shader.glsl">
      <Filter>Shaders</Filter>
    </None>
    <None Include="Source\Shaders\fragment_shader.glsl">
      <Filter>Shaders</Filter>
    </None>
  </ItemGroup>
</Project>