<?xml version="1.0" encoding="utf-8"?>
<Project ToolsVersion="4.0" xmlns="http://schemas.microsoft.com/developer/msbuild/2003">
  <ItemGroup>
    <ClCompile Include="Source\main.cpp" />
    <ClCompile Include="Source\Managers\shader_manager.cpp">
      <Filter>Managers</Filter>
    </ClCompile>
    <ClCompile Include="Source\Core\Init\init_glew.cpp">
      <Filter>Core\Init</Filter>
    </ClCompile>
    <ClCompile Include="Source\Core\Init\init_glut.cpp">
      <Filter>Core\Init</Filter>
    </ClCompile>
    <ClCompile Include="Source\Managers\scene_manager.cpp">
      <Filter>Managers</Filter>
    </ClCompile>
    <ClCompile Include="Source\Rendering\Models\model.cpp">
      <Filter>Rendering\Models</Filter>
    </ClCompile>
    <ClCompile Include="Source\Rendering\Models\triangle.cpp">
      <Filter>Rendering\Models</Filter>
    </ClCompile>
    <ClCompile Include="Source\Managers\model_manager.cpp">
      <Filter>Managers</Filter>
    </ClCompile>
    <ClCompile Include="Source\Rendering\Models\quad.cpp">
      <Filter>Rendering\Models</Filter>
    </ClCompile>
    <ClCompile Include="Source\Managers\engine_manager.cpp">
      <Filter>Managers</Filter>
    </ClCompile>
  </ItemGroup>
  <ItemGroup>
    <Filter Include="Core">
      <UniqueIdentifier>{6dddc4c3-9d38-462e-b7da-95bad163a352}</UniqueIdentifier>
    </Filter>
    <Filter Include="Shaders">
      <UniqueIdentifier>{061c27af-8516-4895-9b93-c858c29197bc}</UniqueIdentifier>
    </Filter>
    <Filter Include="Managers">
      <UniqueIdentifier>{e1fd3b82-6813-4ddc-a61a-cece4af3caed}</UniqueIdentifier>
    </Filter>
    <Filter Include="Core\Init">
      <UniqueIdentifier>{3fe0dacf-375f-4366-b353-d142c90fa07a}</UniqueIdentifier>
    </Filter>
    <Filter Include="Rendering">
      <UniqueIdentifier>{77a8b619-2b1d-46a2-b384-b2eb9c48eb77}</UniqueIdentifier>
    </Filter>
    <Filter Include="Rendering\Models">
      <UniqueIdentifier>{d0367dd4-3b56-496b-8908-28123040743d}</UniqueIdentifier>
    </Filter>
  </ItemGroup>
  <ItemGroup>
    <ClInclude Include="Source\Managers\shader_manager.h">
      <Filter>Managers</Filter>
    </ClInclude>
    <ClInclude Include="Source\Core\Init\window_info.h">
      <Filter>Core\Init</Filter>
    </ClInclude>
    <ClInclude Include="Source\Core\Init\context_info.h">
      <Filter>Core\Init</Filter>
    </ClInclude>
    <ClInclude Include="Source\Core\Init\framebuffer_info.h">
      <Filter>Core\Init</Filter>
    </ClInclude>
    <ClInclude Include="Source\Core\Init\init_glew.h">
      <Filter>Core\Init</Filter>
    </ClInclude>
    <ClInclude Include="Source\Core\Init\init_glut.h">
      <Filter>Core\Init</Filter>
    </ClInclude>
    <ClInclude Include="Source\Core\Init\listener.h">
      <Filter>Core\Init</Filter>
    </ClInclude>
    <ClInclude Include="Source\Managers\scene_manager.h">
      <Filter>Managers</Filter>
    </ClInclude>
    <ClInclude Include="Source\Rendering\vertex_format.h">
      <Filter>Rendering</Filter>
    </ClInclude>
    <ClInclude Include="Source\Rendering\object.h">
      <Filter>Rendering</Filter>
    </ClInclude>
    <ClInclude Include="Source\Rendering\Models\model.h">
      <Filter>Rendering\Models</Filter>
    </ClInclude>
    <ClInclude Include="Source\Rendering\Models\triangle.h">
      <Filter>Rendering\Models</Filter>
    </ClInclude>
    <ClInclude Include="Source\Managers\model_manager.h">
      <Filter>Managers</Filter>
    </ClInclude>
    <ClInclude Include="Source\Rendering\Models\quad.h">
      <Filter>Rendering\Models</Filter>
    </ClInclude>
    <ClInclude Include="Source\Managers\engine_manager.h">
      <Filter>Managers</Filter>
    </ClInclude>
  </ItemGroup>
  <ItemGroup>
    <None Include="Source\Shaders\vertex_shader.glsl">
      <Filter>Shaders</Filter>
    </None>
    <None Include="Source\Shaders\fragment_shader.glsl">
      <Filter>Shaders</Filter>
    </None>
  </ItemGroup>
</Project>