<?xml version="1.0" encoding="utf-8"?>
<Project ToolsVersion="4.0" xmlns="http://schemas.microsoft.com/developer/msbuild/2003">
  <ItemGroup>
    <Filter Include="Rendering">
      <UniqueIdentifier>{6fdb5667-5163-4d01-b08d-4d26045d2961}</UniqueIdentifier>
    </Filter>
    <Filter Include="Rendering\Models">
      <UniqueIdentifier>{4d7bab16-7784-492a-af0d-efb67ffc208e}</UniqueIdentifier>
    </Filter>
    <Filter Include="Shaders">
      <UniqueIdentifier>{1e14766a-12bf-4269-84fb-1e8cebcaec36}</UniqueIdentifier>
    </Filter>
  </ItemGroup>
  <ItemGroup>
    <ClCompile Include="Source\Rendering\Models\cube.cpp">
      <Filter>Rendering\Models</Filter>
    </ClCompile>
    <ClCompile Include="main.cpp" />
  </ItemGroup>
  <ItemGroup>
    <ClInclude Include="Source\Rendering\Models\cube.h">
      <Filter>Rendering\Models</Filter>
    </ClInclude>
  </ItemGroup>
  <ItemGroup>
    <None Include="Source\Shaders\cube_fragment_shader.glsl">
      <Filter>Shaders</Filter>
    </None>
    <None Include="Source\Shaders\cube_vertex_shader.glsl">
      <Filter>Shaders</Filter>
    </None>
  </ItemGroup>
</Project>